
Microsoft Visual Studio Solution File, Format Version 12.00
# Visual Studio 2012
Project("{FAE04EC0-301F-11D3-BF4B-00C04F79EFBC}") = "testeAds.iOS", "testeAds.iOS.csproj", "{C3D965EE-0BC3-4993-A527-82095AB6728F}"
EndProject
Global
	GlobalSection(SolutionConfigurationPlatforms) = preSolution
		Debug|iPhoneSimulator = Debug|iPhoneSimulator
		Release|iPhone = Release|iPhone
		Release|iPhoneSimulator = Release|iPhoneSimulator
		Debug|iPhone = Debug|iPhone
	EndGlobalSection
	GlobalSection(ProjectConfigurationPlatforms) = postSolution
		{C3D965EE-0BC3-4993-A527-82095AB6728F}.Debug|iPhoneSimulator.ActiveCfg = Debug|iPhoneSimulator
		{C3D965EE-0BC3-4993-A527-82095AB6728F}.Debug|iPhoneSimulator.Build.0 = Debug|iPhoneSimulator
		{C3D965EE-0BC3-4993-A527-82095AB6728F}.Release|iPhone.ActiveCfg = Release|iPhone
		{C3D965EE-0BC3-4993-A527-82095AB6728F}.Release|iPhone.Build.0 = Release|iPhone
		{C3D965EE-0BC3-4993-A527-82095AB6728F}.Release|iPhoneSimulator.ActiveCfg = Release|iPhoneSimulator
		{C3D965EE-0BC3-4993-A527-82095AB6728F}.Release|iPhoneSimulator.Build.0 = Release|iPhoneSimulator
		{C3D965EE-0BC3-4993-A527-82095AB6728F}.Debug|iPhone.ActiveCfg = Debug|iPhone
		{C3D965EE-0BC3-4993-A527-82095AB6728F}.Debug|iPhone.Build.0 = Debug|iPhone
	EndGlobalSection
EndGlobal
